
Microsoft Visual Studio Solution File, Format Version 12.00
# Visual Studio Version 17
VisualStudioVersion = 17.13.35825.156 d17.13
MinimumVisualStudioVersion = 10.0.40219.1
Project("{FAE04EC0-301F-11D3-BF4B-00C04F79EFBC}") = "ProductCrudMinimalApi", "ProductCrudMinimalApi\ProductCrudMinimalApi.csproj", "{A587F23C-9328-4D8D-BD56-B4B89D4B7DC7}"
EndProject
Global
	GlobalSection(SolutionConfigurationPlatforms) = preSolution
		Debug|Any CPU = Debug|Any CPU
		Release|Any CPU = Release|Any CPU
	EndGlobalSection
	GlobalSection(ProjectConfigurationPlatforms) = postSolution
		{A587F23C-9328-4D8D-BD56-B4B89D4B7DC7}.Debug|Any CPU.ActiveCfg = Debug|Any CPU
		{A587F23C-9328-4D8D-BD56-B4B89D4B7DC7}.Debug|Any CPU.Build.0 = Debug|Any CPU
		{A587F23C-9328-4D8D-BD56-B4B89D4B7DC7}.Release|Any CPU.ActiveCfg = Release|Any CPU
		{A587F23C-9328-4D8D-BD56-B4B89D4B7DC7}.Release|Any CPU.Build.0 = Release|Any CPU
	EndGlobalSection
	GlobalSection(SolutionProperties) = preSolution
		HideSolutionNode = FALSE
	EndGlobalSection
	GlobalSection(ExtensibilityGlobals) = postSolution
		SolutionGuid = {3A558A02-7EF4-4526-A5FB-855A67A15696}
	EndGlobalSection
EndGlobal
